
Microsoft Visual Studio Solution File, Format Version 12.00
# Visual Studio Version 16
VisualStudioVersion = 16.0.30523.141
MinimumVisualStudioVersion = 10.0.40219.1
Project("{FAE04EC0-301F-11D3-BF4B-00C04F79EFBC}") = "WcfServiceOp", "WcfServiceOp.csproj", "{F67A8EFC-EB39-45C0-A4F1-186DD72ADAAB}"
EndProject
Global
	GlobalSection(SolutionConfigurationPlatforms) = preSolution
		Debug|Any CPU = Debug|Any CPU
		Release|Any CPU = Release|Any CPU
	EndGlobalSection
	GlobalSection(ProjectConfigurationPlatforms) = postSolution
		{F67A8EFC-EB39-45C0-A4F1-186DD72ADAAB}.Debug|Any CPU.ActiveCfg = Debug|Any CPU
		{F67A8EFC-EB39-45C0-A4F1-186DD72ADAAB}.Debug|Any CPU.Build.0 = Debug|Any CPU
		{F67A8EFC-EB39-45C0-A4F1-186DD72ADAAB}.Release|Any CPU.ActiveCfg = Release|Any CPU
		{F67A8EFC-EB39-45C0-A4F1-186DD72ADAAB}.Release|Any CPU.Build.0 = Release|Any CPU
	EndGlobalSection
	GlobalSection(SolutionProperties) = preSolution
		HideSolutionNode = FALSE
	EndGlobalSection
	GlobalSection(ExtensibilityGlobals) = postSolution
		SolutionGuid = {D3B10F89-788A-472B-B34F-813C5391E7CB}
	EndGlobalSection
EndGlobal
